
Microsoft Visual Studio Solution File, Format Version 12.00
# Visual Studio Version 17
VisualStudioVersion = 17.0.31903.59
MinimumVisualStudioVersion = 10.0.40219.1
Project("{2150E333-8FDC-42A3-9474-1A3956D46DE8}") = "src", "src", "{27271B04-EF62-465A-8963-B750309F7E1A}"
EndProject
Project("{FAE04EC0-301F-11D3-BF4B-00C04F79EFBC}") = "Fabric.Deployment.Core", "src\Fabric.Deployment.Core\Fabric.Deployment.Core.csproj", "{C48A8D69-DCDC-4142-9542-792C1EE5EDBE}"
EndProject
Project("{FAE04EC0-301F-11D3-BF4B-00C04F79EFBC}") = "Fabric.Deployment.Cli", "src\Fabric.Deployment.Cli\Fabric.Deployment.Cli.csproj", "{2AC53A3C-3E52-4853-A103-8A4F693C77B2}"
EndProject
Global
	GlobalSection(SolutionConfigurationPlatforms) = preSolution
		Debug|Any CPU = Debug|Any CPU
		Release|Any CPU = Release|Any CPU
	EndGlobalSection
	GlobalSection(SolutionProperties) = preSolution
		HideSolutionNode = FALSE
	EndGlobalSection
	GlobalSection(ProjectConfigurationPlatforms) = postSolution
		{C48A8D69-DCDC-4142-9542-792C1EE5EDBE}.Debug|Any CPU.ActiveCfg = Debug|Any CPU
		{C48A8D69-DCDC-4142-9542-792C1EE5EDBE}.Debug|Any CPU.Build.0 = Debug|Any CPU
		{C48A8D69-DCDC-4142-9542-792C1EE5EDBE}.Release|Any CPU.ActiveCfg = Release|Any CPU
		{C48A8D69-DCDC-4142-9542-792C1EE5EDBE}.Release|Any CPU.Build.0 = Release|Any CPU
		{2AC53A3C-3E52-4853-A103-8A4F693C77B2}.Debug|Any CPU.ActiveCfg = Debug|Any CPU
		{2AC53A3C-3E52-4853-A103-8A4F693C77B2}.Debug|Any CPU.Build.0 = Debug|Any CPU
		{2AC53A3C-3E52-4853-A103-8A4F693C77B2}.Release|Any CPU.ActiveCfg = Release|Any CPU
		{2AC53A3C-3E52-4853-A103-8A4F693C77B2}.Release|Any CPU.Build.0 = Release|Any CPU
	EndGlobalSection
	GlobalSection(NestedProjects) = preSolution
		{C48A8D69-DCDC-4142-9542-792C1EE5EDBE} = {27271B04-EF62-465A-8963-B750309F7E1A}
		{2AC53A3C-3E52-4853-A103-8A4F693C77B2} = {27271B04-EF62-465A-8963-B750309F7E1A}
	EndGlobalSection
EndGlobal
